{
  "name": "@enkore-target/js-node",
  "version": "0.0.4",
  "lockfileVersion": 3,
  "requires": true,
  "packages": {
    "": {
      "name": "@enkore-target/js-node",
      "version": "0.0.4",
      "license": "MIT",
      "devDependencies": {
        "@enkore-target/js-none": "^0.0.14",
        "@enkore/core": "^0.6.6",
        "@enkore/spec": "^0.230.0",
        "@enkore/target-js-factory": "^0.0.13",
        "enkore": "^0.0.22"
      },
      "peerDependencies": {
        "@types/node": ">=22.7.x"
      }
    },
    "node_modules/@enkore-target/js-none": {
      "version": "0.0.14",
      "resolved": "https://registry.npmjs.org/@enkore-target/js-none/-/js-none-0.0.14.tgz",
      "integrity": "sha512-OSHU31/daTLrKb9nOUuMeBrQrgdK78hFpyBnp/7q259JtZKZYPOgGNfyR6hr8Cu1yI+Rp48VXXeSbUBL3tBf7g==",
      "dev": true,
      "license": "MIT"
    },
    "node_modules/@enkore/core": {
      "version": "0.6.6",
      "resolved": "https://registry.npmjs.org/@enkore/core/-/core-0.6.6.tgz",
      "integrity": "sha512-3Tnprm8JXF6vVsMpwRnGSzDkfXwdflQyLRTohsC7Xpt91kqh1sNSxfkdYmMLek+fOWfS0ykKn6rS4DAKUHSjcA==",
      "dev": true,
      "license": "MIT"
    },
    "node_modules/@enkore/spec": {
      "version": "0.230.0",
      "resolved": "https://registry.npmjs.org/@enkore/spec/-/spec-0.230.0.tgz",
      "integrity": "sha512-WW76D9TATH7F1pgJHHwfakog54EasjnGXJGFShzkaCwh1qYUOI2CvB3+aWDU0PiW6K1hRP14nPmKlLfwx/x5Pw==",
      "dev": true,
      "license": "MIT"
    },
    "node_modules/@enkore/target-js-factory": {
      "version": "0.0.13",
      "resolved": "https://registry.npmjs.org/@enkore/target-js-factory/-/target-js-factory-0.0.13.tgz",
      "integrity": "sha512-eI39wbBreRi6vfhDQUbdDCeX84fXANIaQCDUYRMo89S71f6UEqU3gTuGIaV1i749IkX1+NAbd7oz+KIKNX+mxg==",
      "dev": true,
      "license": "MIT"
    },
    "node_modules/@types/node": {
      "version": "22.14.0",
      "resolved": "https://registry.npmjs.org/@types/node/-/node-22.14.0.tgz",
      "integrity": "sha512-Kmpl+z84ILoG+3T/zQFyAJsU6EPTmOCj8/2+83fSN6djd6I4o7uOuGIH6vq3PrjY5BGitSbFuMN18j3iknubbA==",
      "license": "MIT",
      "peer": true,
      "dependencies": {
        "undici-types": "~6.21.0"
      }
    },
    "node_modules/enkore": {
      "version": "0.0.22",
      "resolved": "https://registry.npmjs.org/enkore/-/enkore-0.0.22.tgz",
      "integrity": "sha512-2Bop/UnNl0B6PpocnqP21veJRgqg5adjmEV+brJe7O1yCTIWuR6wES+ZwfFtbV+C9IqQwVTbxiOmxtZbpPzKmg==",
      "dev": true,
      "license": "MIT",
      "bin": {
        "enkore": "cli.mjs"
      }
    },
    "node_modules/undici-types": {
      "version": "6.21.0",
      "resolved": "https://registry.npmjs.org/undici-types/-/undici-types-6.21.0.tgz",
      "integrity": "sha512-iwDZqg0QAGrg9Rav5H4n0M64c3mkR59cJ6wQp+7C4nI0gsmExaedaYLNO44eT4AtBBwjbTiGPMlt2Md0T9H9JQ==",
      "license": "MIT",
      "peer": true
    }
  }
}
