{
  "name": "@enkore-target/js-node",
  "version": "0.0.8",
  "lockfileVersion": 3,
  "requires": true,
  "packages": {
    "": {
      "name": "@enkore-target/js-node",
      "version": "0.0.8",
      "license": "MIT",
      "devDependencies": {
        "@enkore-target/js-none": "^0.0.43",
        "@enkore/core": "^0.6.7",
        "@enkore/spec": "^0.244.0",
        "@enkore/target-js-factory": "^0.0.29",
        "enkore": "^0.0.25"
      },
      "peerDependencies": {
        "@types/node": ">=22.7.x"
      }
    },
    "node_modules/@enkore-target/js-none": {
      "version": "0.0.43",
      "resolved": "https://registry.npmjs.org/@enkore-target/js-none/-/js-none-0.0.43.tgz",
      "integrity": "sha512-FZR/2ufjauD9oKvjHJp4cnFQYZUjPBSKunLMmQamOHOd8OJpGmlhVtkydVt2zWI8tWgpv/41Csg9FzOOy/iiIg==",
      "dev": true,
      "license": "MIT"
    },
    "node_modules/@enkore/core": {
      "version": "0.6.7",
      "resolved": "https://registry.npmjs.org/@enkore/core/-/core-0.6.7.tgz",
      "integrity": "sha512-XYURvIV4QCOFGMJeS81w87KASi6Ydr4XQVIP+r0MA8E1iIguYtEZx281ykl5yd/RUX+rcdyg8PUDsgEXNIuzjQ==",
      "dev": true,
      "license": "MIT"
    },
    "node_modules/@enkore/spec": {
      "version": "0.244.0",
      "resolved": "https://registry.npmjs.org/@enkore/spec/-/spec-0.244.0.tgz",
      "integrity": "sha512-I5TC/LNa1c0Ed7xjoWF2m09Kw7gu0lKz+dhW/soGD9bcCxiIKVAgUdLzsyvv1s8Lrpmv7K19nFkXPicLPDZH0Q==",
      "dev": true,
      "license": "MIT"
    },
    "node_modules/@enkore/target-js-factory": {
      "version": "0.0.29",
      "resolved": "https://registry.npmjs.org/@enkore/target-js-factory/-/target-js-factory-0.0.29.tgz",
      "integrity": "sha512-2/J4ovZxsmVLZVbkOkp30YqctNTWK8WASp/wsgSpR5S7Sua7uUGlIRLzr98Hd8yw4s8Bqerlg5pQEnmP7tOX8A==",
      "dev": true,
      "license": "MIT"
    },
    "node_modules/@types/node": {
      "version": "22.14.0",
      "resolved": "https://registry.npmjs.org/@types/node/-/node-22.14.0.tgz",
      "integrity": "sha512-Kmpl+z84ILoG+3T/zQFyAJsU6EPTmOCj8/2+83fSN6djd6I4o7uOuGIH6vq3PrjY5BGitSbFuMN18j3iknubbA==",
      "license": "MIT",
      "peer": true,
      "dependencies": {
        "undici-types": "~6.21.0"
      }
    },
    "node_modules/enkore": {
      "version": "0.0.25",
      "resolved": "https://registry.npmjs.org/enkore/-/enkore-0.0.25.tgz",
      "integrity": "sha512-hR7pxsLVEJrBq85Q6qJgkYg/HPC3pWCEjtci6FEqS6Tq+++Zz/oF1J5QpO2iyN0x0rOEaZJvY+ALGSlZlHPTBg==",
      "dev": true,
      "license": "MIT",
      "bin": {
        "enkore": "cli.mjs"
      }
    },
    "node_modules/undici-types": {
      "version": "6.21.0",
      "resolved": "https://registry.npmjs.org/undici-types/-/undici-types-6.21.0.tgz",
      "integrity": "sha512-iwDZqg0QAGrg9Rav5H4n0M64c3mkR59cJ6wQp+7C4nI0gsmExaedaYLNO44eT4AtBBwjbTiGPMlt2Md0T9H9JQ==",
      "license": "MIT",
      "peer": true
    }
  }
}
